// !$*UTF8*$!
{
	archiveVersion = 1;
	classes = {
	};
	objectVersion = 56;
	objects = {

/* Begin PBXBuildFile section */
		6078778629E63BA900BC9055 /* iOSDropDown in Frameworks */ = {isa = PBXBuildFile; productRef = 6078778529E63BA900BC9055 /* iOSDropDown */; };
		6078778829E63EF400BC9055 /* CitiesModel.swift in Sources */ = {isa = PBXBuildFile; fileRef = 6078778729E63EF400BC9055 /* CitiesModel.swift */; };
		6091DDC029E0C4C700618776 /* FirstPageVC.swift in Sources */ = {isa = PBXBuildFile; fileRef = 6091DDBF29E0C4C700618776 /* FirstPageVC.swift */; };
		6093A80729E6FD1100CF1660 /* BusRouteModel.swift in Sources */ = {isa = PBXBuildFile; fileRef = 6093A80629E6FD1100CF1660 /* BusRouteModel.swift */; };
		6095150729E1B6BA003F8C3E /* SecondPageVC.swift in Sources */ = {isa = PBXBuildFile; fileRef = 6095150629E1B6BA003F8C3E /* SecondPageVC.swift */; };
		6095151029E21B3F003F8C3E /* TicketModel.swift in Sources */ = {isa = PBXBuildFile; fileRef = 6095150F29E21B3F003F8C3E /* TicketModel.swift */; };
		60FCBC8429E255DE001D44D9 /* TicketCell.swift in Sources */ = {isa = PBXBuildFile; fileRef = 60FCBC8229E255DE001D44D9 /* TicketCell.swift */; };
		60FCBC8529E255DE001D44D9 /* TicketCell.xib in Resources */ = {isa = PBXBuildFile; fileRef = 60FCBC8329E255DE001D44D9 /* TicketCell.xib */; };
		60FCBC9229E4535E001D44D9 /* ThirdPageVC.swift in Sources */ = {isa = PBXBuildFile; fileRef = 60FCBC9129E4535E001D44D9 /* ThirdPageVC.swift */; };
		60FCBC9629E4D953001D44D9 /* ThirdPageCell.swift in Sources */ = {isa = PBXBuildFile; fileRef = 60FCBC9529E4D953001D44D9 /* ThirdPageCell.swift */; };
		60FCBC9829E4D984001D44D9 /* ThirdPageModel.swift in Sources */ = {isa = PBXBuildFile; fileRef = 60FCBC9729E4D984001D44D9 /* ThirdPageModel.swift */; };
		E44035C029DAE6E50050D408 /* UIView+Extension.swift in Sources */ = {isa = PBXBuildFile; fileRef = E44035BF29DAE6E50050D408 /* UIView+Extension.swift */; };
		E44035C429DAE7660050D408 /* OnboardingSlide.swift in Sources */ = {isa = PBXBuildFile; fileRef = E44035C329DAE7660050D408 /* OnboardingSlide.swift */; };
		E44E43F929D84AD600A19C0C /* AppDelegate.swift in Sources */ = {isa = PBXBuildFile; fileRef = E44E43F829D84AD600A19C0C /* AppDelegate.swift */; };
		E44E43FB29D84AD600A19C0C /* SceneDelegate.swift in Sources */ = {isa = PBXBuildFile; fileRef = E44E43FA29D84AD600A19C0C /* SceneDelegate.swift */; };
		E44E440029D84AD600A19C0C /* Main.storyboard in Resources */ = {isa = PBXBuildFile; fileRef = E44E43FE29D84AD600A19C0C /* Main.storyboard */; };
		E44E440229D84AD700A19C0C /* Assets.xcassets in Resources */ = {isa = PBXBuildFile; fileRef = E44E440129D84AD700A19C0C /* Assets.xcassets */; };
		E44E440529D84AD700A19C0C /* LaunchScreen.storyboard in Resources */ = {isa = PBXBuildFile; fileRef = E44E440329D84AD700A19C0C /* LaunchScreen.storyboard */; };
		E4C4E7ED29DAF0FC002B7DF2 /* OnboardingViewController.swift in Sources */ = {isa = PBXBuildFile; fileRef = E4C4E7EC29DAF0FC002B7DF2 /* OnboardingViewController.swift */; };
		E4C4E7F129DAF1CB002B7DF2 /* OnboardingCollectionViewCell.swift in Sources */ = {isa = PBXBuildFile; fileRef = E4C4E7F029DAF1CB002B7DF2 /* OnboardingCollectionViewCell.swift */; };
/* End PBXBuildFile section */

/* Begin PBXFileReference section */
		6078778729E63EF400BC9055 /* CitiesModel.swift */ = {isa = PBXFileReference; lastKnownFileType = sourcecode.swift; path = CitiesModel.swift; sourceTree = "<group>"; };
		6091DDBF29E0C4C700618776 /* FirstPageVC.swift */ = {isa = PBXFileReference; lastKnownFileType = sourcecode.swift; path = FirstPageVC.swift; sourceTree = "<group>"; };
		6093A80629E6FD1100CF1660 /* BusRouteModel.swift */ = {isa = PBXFileReference; lastKnownFileType = sourcecode.swift; path = BusRouteModel.swift; sourceTree = "<group>"; };
		6095150629E1B6BA003F8C3E /* SecondPageVC.swift */ = {isa = PBXFileReference; lastKnownFileType = sourcecode.swift; path = SecondPageVC.swift; sourceTree = "<group>"; };
		6095150F29E21B3F003F8C3E /* TicketModel.swift */ = {isa = PBXFileReference; lastKnownFileType = sourcecode.swift; path = TicketModel.swift; sourceTree = "<group>"; };
		60FCBC8229E255DE001D44D9 /* TicketCell.swift */ = {isa = PBXFileReference; lastKnownFileType = sourcecode.swift; path = TicketCell.swift; sourceTree = "<group>"; };
		60FCBC8329E255DE001D44D9 /* TicketCell.xib */ = {isa = PBXFileReference; lastKnownFileType = file.xib; path = TicketCell.xib; sourceTree = "<group>"; };
		60FCBC9129E4535E001D44D9 /* ThirdPageVC.swift */ = {isa = PBXFileReference; lastKnownFileType = sourcecode.swift; path = ThirdPageVC.swift; sourceTree = "<group>"; };
		60FCBC9529E4D953001D44D9 /* ThirdPageCell.swift */ = {isa = PBXFileReference; lastKnownFileType = sourcecode.swift; path = ThirdPageCell.swift; sourceTree = "<group>"; };
		60FCBC9729E4D984001D44D9 /* ThirdPageModel.swift */ = {isa = PBXFileReference; lastKnownFileType = sourcecode.swift; path = ThirdPageModel.swift; sourceTree = "<group>"; };
		E44035BF29DAE6E50050D408 /* UIView+Extension.swift */ = {isa = PBXFileReference; lastKnownFileType = sourcecode.swift; path = "UIView+Extension.swift"; sourceTree = "<group>"; };
		E44035C329DAE7660050D408 /* OnboardingSlide.swift */ = {isa = PBXFileReference; lastKnownFileType = sourcecode.swift; path = OnboardingSlide.swift; sourceTree = "<group>"; };
		E44E43F529D84AD600A19C0C /* BiletYolcuOdev.app */ = {isa = PBXFileReference; explicitFileType = wrapper.application; includeInIndex = 0; path = BiletYolcuOdev.app; sourceTree = BUILT_PRODUCTS_DIR; };
		E44E43F829D84AD600A19C0C /* AppDelegate.swift */ = {isa = PBXFileReference; lastKnownFileType = sourcecode.swift; path = AppDelegate.swift; sourceTree = "<group>"; };
		E44E43FA29D84AD600A19C0C /* SceneDelegate.swift */ = {isa = PBXFileReference; lastKnownFileType = sourcecode.swift; path = SceneDelegate.swift; sourceTree = "<group>"; };
		E44E43FF29D84AD600A19C0C /* Base */ = {isa = PBXFileReference; lastKnownFileType = file.storyboard; name = Base; path = Base.lproj/Main.storyboard; sourceTree = "<group>"; };
		E44E440129D84AD700A19C0C /* Assets.xcassets */ = {isa = PBXFileReference; lastKnownFileType = folder.assetcatalog; path = Assets.xcassets; sourceTree = "<group>"; };
		E44E440429D84AD700A19C0C /* Base */ = {isa = PBXFileReference; lastKnownFileType = file.storyboard; name = Base; path = Base.lproj/LaunchScreen.storyboard; sourceTree = "<group>"; };
		E44E440629D84AD700A19C0C /* Info.plist */ = {isa = PBXFileReference; lastKnownFileType = text.plist.xml; path = Info.plist; sourceTree = "<group>"; };
		E4C4E7EC29DAF0FC002B7DF2 /* OnboardingViewController.swift */ = {isa = PBXFileReference; lastKnownFileType = sourcecode.swift; path = OnboardingViewController.swift; sourceTree = "<group>"; };
		E4C4E7F029DAF1CB002B7DF2 /* OnboardingCollectionViewCell.swift */ = {isa = PBXFileReference; lastKnownFileType = sourcecode.swift; path = OnboardingCollectionViewCell.swift; sourceTree = "<group>"; };
/* End PBXFileReference section */

/* Begin PBXFrameworksBuildPhase section */
		E44E43F229D84AD600A19C0C /* Frameworks */ = {
			isa = PBXFrameworksBuildPhase;
			buildActionMask = 2147483647;
			files = (
				6078778629E63BA900BC9055 /* iOSDropDown in Frameworks */,
			);
			runOnlyForDeploymentPostprocessing = 0;
		};
/* End PBXFrameworksBuildPhase section */

/* Begin PBXGroup section */
		60E8370629E05ABC00BC188B /* Onboarding */ = {
			isa = PBXGroup;
			children = (
				E4C4E7F029DAF1CB002B7DF2 /* OnboardingCollectionViewCell.swift */,
				E4C4E7EC29DAF0FC002B7DF2 /* OnboardingViewController.swift */,
			);
			path = Onboarding;
			sourceTree = "<group>";
		};
		60FCBC8129E25591001D44D9 /* Cell */ = {
			isa = PBXGroup;
			children = (
				60FCBC8229E255DE001D44D9 /* TicketCell.swift */,
				60FCBC8329E255DE001D44D9 /* TicketCell.xib */,
				60FCBC9529E4D953001D44D9 /* ThirdPageCell.swift */,
			);
			path = Cell;
			sourceTree = "<group>";
		};
		E44035BE29DAE6D30050D408 /* Extension */ = {
			isa = PBXGroup;
			children = (
				E44035BF29DAE6E50050D408 /* UIView+Extension.swift */,
			);
			path = Extension;
			sourceTree = "<group>";
		};
		E4472F0129D8823800C1F8AD /* Models */ = {
			isa = PBXGroup;
			children = (
				E44035C329DAE7660050D408 /* OnboardingSlide.swift */,
				6095150F29E21B3F003F8C3E /* TicketModel.swift */,
				60FCBC9729E4D984001D44D9 /* ThirdPageModel.swift */,
				6078778729E63EF400BC9055 /* CitiesModel.swift */,
				6093A80629E6FD1100CF1660 /* BusRouteModel.swift */,
			);
			path = Models;
			sourceTree = "<group>";
		};
		E44E43EC29D84AD600A19C0C = {
			isa = PBXGroup;
			children = (
				E44E43F729D84AD600A19C0C /* BiletYolcuOdev */,
				E44E43F629D84AD600A19C0C /* Products */,
			);
			sourceTree = "<group>";
		};
		E44E43F629D84AD600A19C0C /* Products */ = {
			isa = PBXGroup;
			children = (
				E44E43F529D84AD600A19C0C /* BiletYolcuOdev.app */,
			);
			name = Products;
			sourceTree = "<group>";
		};
		E44E43F729D84AD600A19C0C /* BiletYolcuOdev */ = {
			isa = PBXGroup;
			children = (
				60FCBC8129E25591001D44D9 /* Cell */,
				E44E440629D84AD700A19C0C /* Info.plist */,
				E44E43F829D84AD600A19C0C /* AppDelegate.swift */,
				E44E43FA29D84AD600A19C0C /* SceneDelegate.swift */,
				E44E440129D84AD700A19C0C /* Assets.xcassets */,
				60E8370629E05ABC00BC188B /* Onboarding */,
				E44E441B29D8624F00A19C0C /* Controllers */,
				E44035BE29DAE6D30050D408 /* Extension */,
				E44E440329D84AD700A19C0C /* LaunchScreen.storyboard */,
				E44E43FE29D84AD600A19C0C /* Main.storyboard */,
				E4472F0129D8823800C1F8AD /* Models */,
			);
			path = BiletYolcuOdev;
			sourceTree = "<group>";
		};
		E44E441B29D8624F00A19C0C /* Controllers */ = {
			isa = PBXGroup;
			children = (
				6091DDBF29E0C4C700618776 /* FirstPageVC.swift */,
				6095150629E1B6BA003F8C3E /* SecondPageVC.swift */,
				60FCBC9129E4535E001D44D9 /* ThirdPageVC.swift */,
			);
			path = Controllers;
			sourceTree = "<group>";
		};
/* End PBXGroup section */

/* Begin PBXNativeTarget section */
		E44E43F429D84AD600A19C0C /* BiletYolcuOdev */ = {
			isa = PBXNativeTarget;
			buildConfigurationList = E44E440929D84AD700A19C0C /* Build configuration list for PBXNativeTarget "BiletYolcuOdev" */;
			buildPhases = (
				E44E43F129D84AD600A19C0C /* Sources */,
				E44E43F229D84AD600A19C0C /* Frameworks */,
				E44E43F329D84AD600A19C0C /* Resources */,
			);
			buildRules = (
			);
			dependencies = (
			);
			name = BiletYolcuOdev;
			packageProductDependencies = (
				6078778529E63BA900BC9055 /* iOSDropDown */,
			);
			productName = BiletYolcuOdev;
			productReference = E44E43F529D84AD600A19C0C /* BiletYolcuOdev.app */;
			productType = "com.apple.product-type.application";
		};
/* End PBXNativeTarget section */

/* Begin PBXProject section */
		E44E43ED29D84AD600A19C0C /* Project object */ = {
			isa = PBXProject;
			attributes = {
				BuildIndependentTargetsInParallel = 1;
				LastSwiftUpdateCheck = 1430;
				LastUpgradeCheck = 1430;
				TargetAttributes = {
					E44E43F429D84AD600A19C0C = {
						CreatedOnToolsVersion = 14.3;
					};
				};
			};
			buildConfigurationList = E44E43F029D84AD600A19C0C /* Build configuration list for PBXProject "BiletYolcuOdev" */;
			compatibilityVersion = "Xcode 14.0";
			developmentRegion = en;
			hasScannedForEncodings = 0;
			knownRegions = (
				en,
				Base,
			);
			mainGroup = E44E43EC29D84AD600A19C0C;
			packageReferences = (
				6078778429E63BA900BC9055 /* XCRemoteSwiftPackageReference "iOSDropDown" */,
			);
			productRefGroup = E44E43F629D84AD600A19C0C /* Products */;
			projectDirPath = "";
			projectRoot = "";
			targets = (
				E44E43F429D84AD600A19C0C /* BiletYolcuOdev */,
			);
		};
/* End PBXProject section */

/* Begin PBXResourcesBuildPhase section */
		E44E43F329D84AD600A19C0C /* Resources */ = {
			isa = PBXResourcesBuildPhase;
			buildActionMask = 2147483647;
			files = (
				60FCBC8529E255DE001D44D9 /* TicketCell.xib in Resources */,
				E44E440529D84AD700A19C0C /* LaunchScreen.storyboard in Resources */,
				E44E440229D84AD700A19C0C /* Assets.xcassets in Resources */,
				E44E440029D84AD600A19C0C /* Main.storyboard in Resources */,
			);
			runOnlyForDeploymentPostprocessing = 0;
		};
/* End PBXResourcesBuildPhase section */

/* Begin PBXSourcesBuildPhase section */
		E44E43F129D84AD600A19C0C /* Sources */ = {
			isa = PBXSourcesBuildPhase;
			buildActionMask = 2147483647;
			files = (
				E44035C029DAE6E50050D408 /* UIView+Extension.swift in Sources */,
				E4C4E7ED29DAF0FC002B7DF2 /* OnboardingViewController.swift in Sources */,
				60FCBC9629E4D953001D44D9 /* ThirdPageCell.swift in Sources */,
				60FCBC8429E255DE001D44D9 /* TicketCell.swift in Sources */,
				6078778829E63EF400BC9055 /* CitiesModel.swift in Sources */,
				6091DDC029E0C4C700618776 /* FirstPageVC.swift in Sources */,
				60FCBC9229E4535E001D44D9 /* ThirdPageVC.swift in Sources */,
				6095151029E21B3F003F8C3E /* TicketModel.swift in Sources */,
				E44E43F929D84AD600A19C0C /* AppDelegate.swift in Sources */,
				E44E43FB29D84AD600A19C0C /* SceneDelegate.swift in Sources */,
				E44035C429DAE7660050D408 /* OnboardingSlide.swift in Sources */,
				E4C4E7F129DAF1CB002B7DF2 /* OnboardingCollectionViewCell.swift in Sources */,
				6093A80729E6FD1100CF1660 /* BusRouteModel.swift in Sources */,
				60FCBC9829E4D984001D44D9 /* ThirdPageModel.swift in Sources */,
				6095150729E1B6BA003F8C3E /* SecondPageVC.swift in Sources */,
			);
			runOnlyForDeploymentPostprocessing = 0;
		};
/* End PBXSourcesBuildPhase section */

/* Begin PBXVariantGroup section */
		E44E43FE29D84AD600A19C0C /* Main.storyboard */ = {
			isa = PBXVariantGroup;
			children = (
				E44E43FF29D84AD600A19C0C /* Base */,
			);
			name = Main.storyboard;
			sourceTree = "<group>";
		};
		E44E440329D84AD700A19C0C /* LaunchScreen.storyboard */ = {
			isa = PBXVariantGroup;
			children = (
				E44E440429D84AD700A19C0C /* Base */,
			);
			name = LaunchScreen.storyboard;
			sourceTree = "<group>";
		};
/* End PBXVariantGroup section */

/* Begin XCBuildConfiguration section */
		E44E440729D84AD700A19C0C /* Debug */ = {
			isa = XCBuildConfiguration;
			buildSettings = {
				ALWAYS_SEARCH_USER_PATHS = NO;
				CLANG_ANALYZER_NONNULL = YES;
				CLANG_ANALYZER_NUMBER_OBJECT_CONVERSION = YES_AGGRESSIVE;
				CLANG_CXX_LANGUAGE_STANDARD = "gnu++20";
				CLANG_ENABLE_MODULES = YES;
				CLANG_ENABLE_OBJC_ARC = YES;
				CLANG_ENABLE_OBJC_WEAK = YES;
				CLANG_WARN_BLOCK_CAPTURE_AUTORELEASING = YES;
				CLANG_WARN_BOOL_CONVERSION = YES;
				CLANG_WARN_COMMA = YES;
				CLANG_WARN_CONSTANT_CONVERSION = YES;
				CLANG_WARN_DEPRECATED_OBJC_IMPLEMENTATIONS = YES;
				CLANG_WARN_DIRECT_OBJC_ISA_USAGE = YES_ERROR;
				CLANG_WARN_DOCUMENTATION_COMMENTS = YES;
				CLANG_WARN_EMPTY_BODY = YES;
				CLANG_WARN_ENUM_CONVERSION = YES;
				CLANG_WARN_INFINITE_RECURSION = YES;
				CLANG_WARN_INT_CONVERSION = YES;
				CLANG_WARN_NON_LITERAL_NULL_CONVERSION = YES;
				CLANG_WARN_OBJC_IMPLICIT_RETAIN_SELF = YES;
				CLANG_WARN_OBJC_LITERAL_CONVERSION = YES;
				CLANG_WARN_OBJC_ROOT_CLASS = YES_ERROR;
				CLANG_WARN_QUOTED_INCLUDE_IN_FRAMEWORK_HEADER = YES;
				CLANG_WARN_RANGE_LOOP_ANALYSIS = YES;
				CLANG_WARN_STRICT_PROTOTYPES = YES;
				CLANG_WARN_SUSPICIOUS_MOVE = YES;
				CLANG_WARN_UNGUARDED_AVAILABILITY = YES_AGGRESSIVE;
				CLANG_WARN_UNREACHABLE_CODE = YES;
				CLANG_WARN__DUPLICATE_METHOD_MATCH = YES;
				COPY_PHASE_STRIP = NO;
				DEBUG_INFORMATION_FORMAT = dwarf;
				ENABLE_STRICT_OBJC_MSGSEND = YES;
				ENABLE_TESTABILITY = YES;
				GCC_C_LANGUAGE_STANDARD = gnu11;
				GCC_DYNAMIC_NO_PIC = NO;
				GCC_NO_COMMON_BLOCKS = YES;
				GCC_OPTIMIZATION_LEVEL = 0;
				GCC_PREPROCESSOR_DEFINITIONS = (
					"DEBUG=1",
					"$(inherited)",
				);
				GCC_WARN_64_TO_32_BIT_CONVERSION = YES;
				GCC_WARN_ABOUT_RETURN_TYPE = YES_ERROR;
				GCC_WARN_UNDECLARED_SELECTOR = YES;
				GCC_WARN_UNINITIALIZED_AUTOS = YES_AGGRESSIVE;
				GCC_WARN_UNUSED_FUNCTION = YES;
				GCC_WARN_UNUSED_VARIABLE = YES;
				IPHONEOS_DEPLOYMENT_TARGET = 16.4;
				MTL_ENABLE_DEBUG_INFO = INCLUDE_SOURCE;
				MTL_FAST_MATH = YES;
				ONLY_ACTIVE_ARCH = YES;
				SDKROOT = iphoneos;
				SWIFT_ACTIVE_COMPILATION_CONDITIONS = DEBUG;
				SWIFT_OPTIMIZATION_LEVEL = "-Onone";
			};
			name = Debug;
		};
		E44E440829D84AD700A19C0C /* Release */ = {
			isa = XCBuildConfiguration;
			buildSettings = {
				ALWAYS_SEARCH_USER_PATHS = NO;
				CLANG_ANALYZER_NONNULL = YES;
				CLANG_ANALYZER_NUMBER_OBJECT_CONVERSION = YES_AGGRESSIVE;
				CLANG_CXX_LANGUAGE_STANDARD = "gnu++20";
				CLANG_ENABLE_MODULES = YES;
				CLANG_ENABLE_OBJC_ARC = YES;
				CLANG_ENABLE_OBJC_WEAK = YES;
				CLANG_WARN_BLOCK_CAPTURE_AUTORELEASING = YES;
				CLANG_WARN_BOOL_CONVERSION = YES;
				CLANG_WARN_COMMA = YES;
				CLANG_WARN_CONSTANT_CONVERSION = YES;
				CLANG_WARN_DEPRECATED_OBJC_IMPLEMENTATIONS = YES;
				CLANG_WARN_DIRECT_OBJC_ISA_USAGE = YES_ERROR;
				CLANG_WARN_DOCUMENTATION_COMMENTS = YES;
				CLANG_WARN_EMPTY_BODY = YES;
				CLANG_WARN_ENUM_CONVERSION = YES;
				CLANG_WARN_INFINITE_RECURSION = YES;
				CLANG_WARN_INT_CONVERSION = YES;
				CLANG_WARN_NON_LITERAL_NULL_CONVERSION = YES;
				CLANG_WARN_OBJC_IMPLICIT_RETAIN_SELF = YES;
				CLANG_WARN_OBJC_LITERAL_CONVERSION = YES;
				CLANG_WARN_OBJC_ROOT_CLASS = YES_ERROR;
				CLANG_WARN_QUOTED_INCLUDE_IN_FRAMEWORK_HEADER = YES;
				CLANG_WARN_RANGE_LOOP_ANALYSIS = YES;
				CLANG_WARN_STRICT_PROTOTYPES = YES;
				CLANG_WARN_SUSPICIOUS_MOVE = YES;
				CLANG_WARN_UNGUARDED_AVAILABILITY = YES_AGGRESSIVE;
				CLANG_WARN_UNREACHABLE_CODE = YES;
				CLANG_WARN__DUPLICATE_METHOD_MATCH = YES;
				COPY_PHASE_STRIP = NO;
				DEBUG_INFORMATION_FORMAT = "dwarf-with-dsym";
				ENABLE_NS_ASSERTIONS = NO;
				ENABLE_STRICT_OBJC_MSGSEND = YES;
				GCC_C_LANGUAGE_STANDARD = gnu11;
				GCC_NO_COMMON_BLOCKS = YES;
				GCC_WARN_64_TO_32_BIT_CONVERSION = YES;
				GCC_WARN_ABOUT_RETURN_TYPE = YES_ERROR;
				GCC_WARN_UNDECLARED_SELECTOR = YES;
				GCC_WARN_UNINITIALIZED_AUTOS = YES_AGGRESSIVE;
				GCC_WARN_UNUSED_FUNCTION = YES;
				GCC_WARN_UNUSED_VARIABLE = YES;
				IPHONEOS_DEPLOYMENT_TARGET = 16.4;
				MTL_ENABLE_DEBUG_INFO = NO;
				MTL_FAST_MATH = YES;
				SDKROOT = iphoneos;
				SWIFT_COMPILATION_MODE = wholemodule;
				SWIFT_OPTIMIZATION_LEVEL = "-O";
				VALIDATE_PRODUCT = YES;
			};
			name = Release;
		};
		E44E440A29D84AD700A19C0C /* Debug */ = {
			isa = XCBuildConfiguration;
			buildSettings = {
				ASSETCATALOG_COMPILER_APPICON_NAME = AppIcon;
				ASSETCATALOG_COMPILER_GLOBAL_ACCENT_COLOR_NAME = AccentColor;
				CODE_SIGN_STYLE = Automatic;
				CURRENT_PROJECT_VERSION = 1;
				DEVELOPMENT_TEAM = SB29S227RU;
				GENERATE_INFOPLIST_FILE = YES;
				INFOPLIST_FILE = BiletYolcuOdev/Info.plist;
				INFOPLIST_KEY_UIApplicationSupportsIndirectInputEvents = YES;
				INFOPLIST_KEY_UILaunchStoryboardName = LaunchScreen;
				INFOPLIST_KEY_UIMainStoryboardFile = Main;
				INFOPLIST_KEY_UISupportedInterfaceOrientations_iPad = "UIInterfaceOrientationPortrait UIInterfaceOrientationPortraitUpsideDown UIInterfaceOrientationLandscapeLeft UIInterfaceOrientationLandscapeRight";
				INFOPLIST_KEY_UISupportedInterfaceOrientations_iPhone = "UIInterfaceOrientationPortrait UIInterfaceOrientationLandscapeLeft UIInterfaceOrientationLandscapeRight";
				LD_RUNPATH_SEARCH_PATHS = (
					"$(inherited)",
					"@executable_path/Frameworks",
				);
				MARKETING_VERSION = 1.0;
				PRODUCT_BUNDLE_IDENTIFIER = com.ahmetakgun.BiletYolcuOdev;
				PRODUCT_NAME = "$(TARGET_NAME)";
				SWIFT_EMIT_LOC_STRINGS = YES;
				SWIFT_VERSION = 5.0;
				TARGETED_DEVICE_FAMILY = "1,2";
			};
			name = Debug;
		};
		E44E440B29D84AD700A19C0C /* Release */ = {
			isa = XCBuildConfiguration;
			buildSettings = {
				ASSETCATALOG_COMPILER_APPICON_NAME = AppIcon;
				ASSETCATALOG_COMPILER_GLOBAL_ACCENT_COLOR_NAME = AccentColor;
				CODE_SIGN_STYLE = Automatic;
				CURRENT_PROJECT_VERSION = 1;
				DEVELOPMENT_TEAM = SB29S227RU;
				GENERATE_INFOPLIST_FILE = YES;
				INFOPLIST_FILE = BiletYolcuOdev/Info.plist;
				INFOPLIST_KEY_UIApplicationSupportsIndirectInputEvents = YES;
				INFOPLIST_KEY_UILaunchStoryboardName = LaunchScreen;
				INFOPLIST_KEY_UIMainStoryboardFile = Main;
				INFOPLIST_KEY_UISupportedInterfaceOrientations_iPad = "UIInterfaceOrientationPortrait UIInterfaceOrientationPortraitUpsideDown UIInterfaceOrientationLandscapeLeft UIInterfaceOrientationLandscapeRight";
				INFOPLIST_KEY_UISupportedInterfaceOrientations_iPhone = "UIInterfaceOrientationPortrait UIInterfaceOrientationLandscapeLeft UIInterfaceOrientationLandscapeRight";
				LD_RUNPATH_SEARCH_PATHS = (
					"$(inherited)",
					"@executable_path/Frameworks",
				);
				MARKETING_VERSION = 1.0;
				PRODUCT_BUNDLE_IDENTIFIER = com.ahmetakgun.BiletYolcuOdev;
				PRODUCT_NAME = "$(TARGET_NAME)";
				SWIFT_EMIT_LOC_STRINGS = YES;
				SWIFT_VERSION = 5.0;
				TARGETED_DEVICE_FAMILY = "1,2";
			};
			name = Release;
		};
/* End XCBuildConfiguration section */

/* Begin XCConfigurationList section */
		E44E43F029D84AD600A19C0C /* Build configuration list for PBXProject "BiletYolcuOdev" */ = {
			isa = XCConfigurationList;
			buildConfigurations = (
				E44E440729D84AD700A19C0C /* Debug */,
				E44E440829D84AD700A19C0C /* Release */,
			);
			defaultConfigurationIsVisible = 0;
			defaultConfigurationName = Release;
		};
		E44E440929D84AD700A19C0C /* Build configuration list for PBXNativeTarget "BiletYolcuOdev" */ = {
			isa = XCConfigurationList;
			buildConfigurations = (
				E44E440A29D84AD700A19C0C /* Debug */,
				E44E440B29D84AD700A19C0C /* Release */,
			);
			defaultConfigurationIsVisible = 0;
			defaultConfigurationName = Release;
		};
/* End XCConfigurationList section */

/* Begin XCRemoteSwiftPackageReference section */
		6078778429E63BA900BC9055 /* XCRemoteSwiftPackageReference "iOSDropDown" */ = {
			isa = XCRemoteSwiftPackageReference;
			repositoryURL = "https://github.com/jriosdev/iOSDropDown";
			requirement = {
				kind = upToNextMajorVersion;
				minimumVersion = 0.4.0;
			};
		};
/* End XCRemoteSwiftPackageReference section */

/* Begin XCSwiftPackageProductDependency section */
		6078778529E63BA900BC9055 /* iOSDropDown */ = {
			isa = XCSwiftPackageProductDependency;
			package = 6078778429E63BA900BC9055 /* XCRemoteSwiftPackageReference "iOSDropDown" */;
			productName = iOSDropDown;
		};
/* End XCSwiftPackageProductDependency section */
	};
	rootObject = E44E43ED29D84AD600A19C0C /* Project object */;
}
